// !$*UTF8*$!
{
	archiveVersion = 1;
	classes = {
	};
	objectVersion = 46;
	objects = {

/* Begin PBXBuildFile section */
		D807496E1E319D5800B26289 /* main.m in Sources */ = {isa = PBXBuildFile; fileRef = D807496D1E319D5800B26289 /* main.m */; };
		D80749711E319D5800B26289 /* AppDelegate.m in Sources */ = {isa = PBXBuildFile; fileRef = D80749701E319D5800B26289 /* AppDelegate.m */; };
		D80749741E319D5800B26289 /* ViewController.m in Sources */ = {isa = PBXBuildFile; fileRef = D80749731E319D5800B26289 /* ViewController.m */; };
		D80749771E319D5800B26289 /* Main.storyboard in Resources */ = {isa = PBXBuildFile; fileRef = D80749751E319D5800B26289 /* Main.storyboard */; };
		D80749791E319D5800B26289 /* Assets.xcassets in Resources */ = {isa = PBXBuildFile; fileRef = D80749781E319D5800B26289 /* Assets.xcassets */; };
		D807497C1E319D5800B26289 /* LaunchScreen.storyboard in Resources */ = {isa = PBXBuildFile; fileRef = D807497A1E319D5800B26289 /* LaunchScreen.storyboard */; };
		D827C9DD1E34926600B32326 /* AFHTTPClient.m in Sources */ = {isa = PBXBuildFile; fileRef = D827C9CB1E34926600B32326 /* AFHTTPClient.m */; };
		D827C9DE1E34926600B32326 /* AFHTTPRequestOperation.m in Sources */ = {isa = PBXBuildFile; fileRef = D827C9CD1E34926600B32326 /* AFHTTPRequestOperation.m */; };
		D827C9DF1E34926600B32326 /* AFImageRequestOperation.m in Sources */ = {isa = PBXBuildFile; fileRef = D827C9CF1E34926600B32326 /* AFImageRequestOperation.m */; };
		D827C9E01E34926600B32326 /* AFJSONRequestOperation.m in Sources */ = {isa = PBXBuildFile; fileRef = D827C9D11E34926600B32326 /* AFJSONRequestOperation.m */; };
		D827C9E11E34926600B32326 /* AFNetworkActivityIndicatorManager.m in Sources */ = {isa = PBXBuildFile; fileRef = D827C9D31E34926600B32326 /* AFNetworkActivityIndicatorManager.m */; };
		D827C9E21E34926600B32326 /* AFPropertyListRequestOperation.m in Sources */ = {isa = PBXBuildFile; fileRef = D827C9D61E34926600B32326 /* AFPropertyListRequestOperation.m */; };
		D827C9E31E34926600B32326 /* AFURLConnectionOperation.m in Sources */ = {isa = PBXBuildFile; fileRef = D827C9D81E34926600B32326 /* AFURLConnectionOperation.m */; };
		D827C9E41E34926600B32326 /* AFXMLRequestOperation.m in Sources */ = {isa = PBXBuildFile; fileRef = D827C9DA1E34926600B32326 /* AFXMLRequestOperation.m */; };
		D827C9E51E34926600B32326 /* UIImageView+AFNetworking.m in Sources */ = {isa = PBXBuildFile; fileRef = D827C9DC1E34926600B32326 /* UIImageView+AFNetworking.m */; };
/* End PBXBuildFile section */

/* Begin PBXFileReference section */
		D80749691E319D5800B26289 /* TianG.app */ = {isa = PBXFileReference; explicitFileType = wrapper.application; includeInIndex = 0; path = TianG.app; sourceTree = BUILT_PRODUCTS_DIR; };
		D807496D1E319D5800B26289 /* main.m */ = {isa = PBXFileReference; lastKnownFileType = sourcecode.c.objc; path = main.m; sourceTree = "<group>"; };
		D807496F1E319D5800B26289 /* AppDelegate.h */ = {isa = PBXFileReference; lastKnownFileType = sourcecode.c.h; path = AppDelegate.h; sourceTree = "<group>"; };
		D80749701E319D5800B26289 /* AppDelegate.m */ = {isa = PBXFileReference; lastKnownFileType = sourcecode.c.objc; path = AppDelegate.m; sourceTree = "<group>"; };
		D80749721E319D5800B26289 /* ViewController.h */ = {isa = PBXFileReference; lastKnownFileType = sourcecode.c.h; path = ViewController.h; sourceTree = "<group>"; };
		D80749731E319D5800B26289 /* ViewController.m */ = {isa = PBXFileReference; lastKnownFileType = sourcecode.c.objc; path = ViewController.m; sourceTree = "<group>"; };
		D80749761E319D5800B26289 /* Base */ = {isa = PBXFileReference; lastKnownFileType = file.storyboard; name = Base; path = Base.lproj/Main.storyboard; sourceTree = "<group>"; };
		D80749781E319D5800B26289 /* Assets.xcassets */ = {isa = PBXFileReference; lastKnownFileType = folder.assetcatalog; path = Assets.xcassets; sourceTree = "<group>"; };
		D807497B1E319D5800B26289 /* Base */ = {isa = PBXFileReference; lastKnownFileType = file.storyboard; name = Base; path = Base.lproj/LaunchScreen.storyboard; sourceTree = "<group>"; };
		D807497D1E319D5800B26289 /* Info.plist */ = {isa = PBXFileReference; lastKnownFileType = text.plist.xml; path = Info.plist; sourceTree = "<group>"; };
		D827C9CA1E34926600B32326 /* AFHTTPClient.h */ = {isa = PBXFileReference; fileEncoding = 4; lastKnownFileType = sourcecode.c.h; path = AFHTTPClient.h; sourceTree = "<group>"; };
		D827C9CB1E34926600B32326 /* AFHTTPClient.m */ = {isa = PBXFileReference; fileEncoding = 4; lastKnownFileType = sourcecode.c.objc; path = AFHTTPClient.m; sourceTree = "<group>"; };
		D827C9CC1E34926600B32326 /* AFHTTPRequestOperation.h */ = {isa = PBXFileReference; fileEncoding = 4; lastKnownFileType = sourcecode.c.h; path = AFHTTPRequestOperation.h; sourceTree = "<group>"; };
		D827C9CD1E34926600B32326 /* AFHTTPRequestOperation.m */ = {isa = PBXFileReference; fileEncoding = 4; lastKnownFileType = sourcecode.c.objc; path = AFHTTPRequestOperation.m; sourceTree = "<group>"; };
		D827C9CE1E34926600B32326 /* AFImageRequestOperation.h */ = {isa = PBXFileReference; fileEncoding = 4; lastKnownFileType = sourcecode.c.h; path = AFImageRequestOperation.h; sourceTree = "<group>"; };
		D827C9CF1E34926600B32326 /* AFImageRequestOperation.m */ = {isa = PBXFileReference; fileEncoding = 4; lastKnownFileType = sourcecode.c.objc; path = AFImageRequestOperation.m; sourceTree = "<group>"; };
		D827C9D01E34926600B32326 /* AFJSONRequestOperation.h */ = {isa = PBXFileReference; fileEncoding = 4; lastKnownFileType = sourcecode.c.h; path = AFJSONRequestOperation.h; sourceTree = "<group>"; };
		D827C9D11E34926600B32326 /* AFJSONRequestOperation.m */ = {isa = PBXFileReference; fileEncoding = 4; lastKnownFileType = sourcecode.c.objc; path = AFJSONRequestOperation.m; sourceTree = "<group>"; };
		D827C9D21E34926600B32326 /* AFNetworkActivityIndicatorManager.h */ = {isa = PBXFileReference; fileEncoding = 4; lastKnownFileType = sourcecode.c.h; path = AFNetworkActivityIndicatorManager.h; sourceTree = "<group>"; };
		D827C9D31E34926600B32326 /* AFNetworkActivityIndicatorManager.m */ = {isa = PBXFileReference; fileEncoding = 4; lastKnownFileType = sourcecode.c.objc; path = AFNetworkActivityIndicatorManager.m; sourceTree = "<group>"; };
		D827C9D41E34926600B32326 /* AFNetworking.h */ = {isa = PBXFileReference; fileEncoding = 4; lastKnownFileType = sourcecode.c.h; path = AFNetworking.h; sourceTree = "<group>"; };
		D827C9D51E34926600B32326 /* AFPropertyListRequestOperation.h */ = {isa = PBXFileReference; fileEncoding = 4; lastKnownFileType = sourcecode.c.h; path = AFPropertyListRequestOperation.h; sourceTree = "<group>"; };
		D827C9D61E34926600B32326 /* AFPropertyListRequestOperation.m */ = {isa = PBXFileReference; fileEncoding = 4; lastKnownFileType = sourcecode.c.objc; path = AFPropertyListRequestOperation.m; sourceTree = "<group>"; };
		D827C9D71E34926600B32326 /* AFURLConnectionOperation.h */ = {isa = PBXFileReference; fileEncoding = 4; lastKnownFileType = sourcecode.c.h; path = AFURLConnectionOperation.h; sourceTree = "<group>"; };
		D827C9D81E34926600B32326 /* AFURLConnectionOperation.m */ = {isa = PBXFileReference; fileEncoding = 4; lastKnownFileType = sourcecode.c.objc; path = AFURLConnectionOperation.m; sourceTree = "<group>"; };
		D827C9D91E34926600B32326 /* AFXMLRequestOperation.h */ = {isa = PBXFileReference; fileEncoding = 4; lastKnownFileType = sourcecode.c.h; path = AFXMLRequestOperation.h; sourceTree = "<group>"; };
		D827C9DA1E34926600B32326 /* AFXMLRequestOperation.m */ = {isa = PBXFileReference; fileEncoding = 4; lastKnownFileType = sourcecode.c.objc; path = AFXMLRequestOperation.m; sourceTree = "<group>"; };
		D827C9DB1E34926600B32326 /* UIImageView+AFNetworking.h */ = {isa = PBXFileReference; fileEncoding = 4; lastKnownFileType = sourcecode.c.h; path = "UIImageView+AFNetworking.h"; sourceTree = "<group>"; };
		D827C9DC1E34926600B32326 /* UIImageView+AFNetworking.m */ = {isa = PBXFileReference; fileEncoding = 4; lastKnownFileType = sourcecode.c.objc; path = "UIImageView+AFNetworking.m"; sourceTree = "<group>"; };
/* End PBXFileReference section */

/* Begin PBXFrameworksBuildPhase section */
		D80749661E319D5800B26289 /* Frameworks */ = {
			isa = PBXFrameworksBuildPhase;
			buildActionMask = 2147483647;
			files = (
			);
			runOnlyForDeploymentPostprocessing = 0;
		};
/* End PBXFrameworksBuildPhase section */

/* Begin PBXGroup section */
		D80749601E319D5800B26289 = {
			isa = PBXGroup;
			children = (
				D807496B1E319D5800B26289 /* TianG */,
				D807496A1E319D5800B26289 /* Products */,
			);
			sourceTree = "<group>";
		};
		D807496A1E319D5800B26289 /* Products */ = {
			isa = PBXGroup;
			children = (
				D80749691E319D5800B26289 /* TianG.app */,
			);
			name = Products;
			sourceTree = "<group>";
		};
		D807496B1E319D5800B26289 /* TianG */ = {
			isa = PBXGroup;
			children = (
				D827C9C91E34926600B32326 /* AFNetworking */,
				D807496F1E319D5800B26289 /* AppDelegate.h */,
				D80749701E319D5800B26289 /* AppDelegate.m */,
				D80749721E319D5800B26289 /* ViewController.h */,
				D80749731E319D5800B26289 /* ViewController.m */,
				D80749751E319D5800B26289 /* Main.storyboard */,
				D80749781E319D5800B26289 /* Assets.xcassets */,
				D807497A1E319D5800B26289 /* LaunchScreen.storyboard */,
				D807497D1E319D5800B26289 /* Info.plist */,
				D807496C1E319D5800B26289 /* Supporting Files */,
			);
			path = TianG;
			sourceTree = "<group>";
		};
		D807496C1E319D5800B26289 /* Supporting Files */ = {
			isa = PBXGroup;
			children = (
				D807496D1E319D5800B26289 /* main.m */,
			);
			name = "Supporting Files";
			sourceTree = "<group>";
		};
		D827C9C91E34926600B32326 /* AFNetworking */ = {
			isa = PBXGroup;
			children = (
				D827C9CA1E34926600B32326 /* AFHTTPClient.h */,
				D827C9CB1E34926600B32326 /* AFHTTPClient.m */,
				D827C9CC1E34926600B32326 /* AFHTTPRequestOperation.h */,
				D827C9CD1E34926600B32326 /* AFHTTPRequestOperation.m */,
				D827C9CE1E34926600B32326 /* AFImageRequestOperation.h */,
				D827C9CF1E34926600B32326 /* AFImageRequestOperation.m */,
				D827C9D01E34926600B32326 /* AFJSONRequestOperation.h */,
				D827C9D11E34926600B32326 /* AFJSONRequestOperation.m */,
				D827C9D21E34926600B32326 /* AFNetworkActivityIndicatorManager.h */,
				D827C9D31E34926600B32326 /* AFNetworkActivityIndicatorManager.m */,
				D827C9D41E34926600B32326 /* AFNetworking.h */,
				D827C9D51E34926600B32326 /* AFPropertyListRequestOperation.h */,
				D827C9D61E34926600B32326 /* AFPropertyListRequestOperation.m */,
				D827C9D71E34926600B32326 /* AFURLConnectionOperation.h */,
				D827C9D81E34926600B32326 /* AFURLConnectionOperation.m */,
				D827C9D91E34926600B32326 /* AFXMLRequestOperation.h */,
				D827C9DA1E34926600B32326 /* AFXMLRequestOperation.m */,
				D827C9DB1E34926600B32326 /* UIImageView+AFNetworking.h */,
				D827C9DC1E34926600B32326 /* UIImageView+AFNetworking.m */,
			);
			path = AFNetworking;
			sourceTree = "<group>";
		};
/* End PBXGroup section */

/* Begin PBXNativeTarget section */
		D80749681E319D5800B26289 /* TianG */ = {
			isa = PBXNativeTarget;
			buildConfigurationList = D80749801E319D5800B26289 /* Build configuration list for PBXNativeTarget "TianG" */;
			buildPhases = (
				D80749651E319D5800B26289 /* Sources */,
				D80749661E319D5800B26289 /* Frameworks */,
				D80749671E319D5800B26289 /* Resources */,
			);
			buildRules = (
			);
			dependencies = (
			);
			name = TianG;
			productName = TianG;
			productReference = D80749691E319D5800B26289 /* TianG.app */;
			productType = "com.apple.product-type.application";
		};
/* End PBXNativeTarget section */

/* Begin PBXProject section */
		D80749611E319D5800B26289 /* Project object */ = {
			isa = PBXProject;
			attributes = {
				LastUpgradeCheck = 0820;
				ORGANIZATIONNAME = TaoXinle;
				TargetAttributes = {
					D80749681E319D5800B26289 = {
						CreatedOnToolsVersion = 8.2;
						ProvisioningStyle = Automatic;
					};
				};
			};
			buildConfigurationList = D80749641E319D5800B26289 /* Build configuration list for PBXProject "TianG" */;
			compatibilityVersion = "Xcode 3.2";
			developmentRegion = English;
			hasScannedForEncodings = 0;
			knownRegions = (
				en,
				Base,
			);
			mainGroup = D80749601E319D5800B26289;
			productRefGroup = D807496A1E319D5800B26289 /* Products */;
			projectDirPath = "";
			projectRoot = "";
			targets = (
				D80749681E319D5800B26289 /* TianG */,
			);
		};
/* End PBXProject section */

/* Begin PBXResourcesBuildPhase section */
		D80749671E319D5800B26289 /* Resources */ = {
			isa = PBXResourcesBuildPhase;
			buildActionMask = 2147483647;
			files = (
				D807497C1E319D5800B26289 /* LaunchScreen.storyboard in Resources */,
				D80749791E319D5800B26289 /* Assets.xcassets in Resources */,
				D80749771E319D5800B26289 /* Main.storyboard in Resources */,
			);
			runOnlyForDeploymentPostprocessing = 0;
		};
/* End PBXResourcesBuildPhase section */

/* Begin PBXSourcesBuildPhase section */
		D80749651E319D5800B26289 /* Sources */ = {
			isa = PBXSourcesBuildPhase;
			buildActionMask = 2147483647;
			files = (
				D827C9DF1E34926600B32326 /* AFImageRequestOperation.m in Sources */,
				D80749741E319D5800B26289 /* ViewController.m in Sources */,
				D827C9E21E34926600B32326 /* AFPropertyListRequestOperation.m in Sources */,
				D80749711E319D5800B26289 /* AppDelegate.m in Sources */,
				D827C9E31E34926600B32326 /* AFURLConnectionOperation.m in Sources */,
				D827C9E41E34926600B32326 /* AFXMLRequestOperation.m in Sources */,
				D827C9E01E34926600B32326 /* AFJSONRequestOperation.m in Sources */,
				D827C9E51E34926600B32326 /* UIImageView+AFNetworking.m in Sources */,
				D827C9E11E34926600B32326 /* AFNetworkActivityIndicatorManager.m in Sources */,
				D827C9DE1E34926600B32326 /* AFHTTPRequestOperation.m in Sources */,
				D807496E1E319D5800B26289 /* main.m in Sources */,
				D827C9DD1E34926600B32326 /* AFHTTPClient.m in Sources */,
			);
			runOnlyForDeploymentPostprocessing = 0;
		};
/* End PBXSourcesBuildPhase section */

/* Begin PBXVariantGroup section */
		D80749751E319D5800B26289 /* Main.storyboard */ = {
			isa = PBXVariantGroup;
			children = (
				D80749761E319D5800B26289 /* Base */,
			);
			name = Main.storyboard;
			sourceTree = "<group>";
		};
		D807497A1E319D5800B26289 /* LaunchScreen.storyboard */ = {
			isa = PBXVariantGroup;
			children = (
				D807497B1E319D5800B26289 /* Base */,
			);
			name = LaunchScreen.storyboard;
			sourceTree = "<group>";
		};
/* End PBXVariantGroup section */

/* Begin XCBuildConfiguration section */
		D807497E1E319D5800B26289 /* Debug */ = {
			isa = XCBuildConfiguration;
			buildSettings = {
				ALWAYS_SEARCH_USER_PATHS = NO;
				CLANG_ANALYZER_NONNULL = YES;
				CLANG_CXX_LANGUAGE_STANDARD = "gnu++0x";
				CLANG_CXX_LIBRARY = "libc++";
				CLANG_ENABLE_MODULES = YES;
				CLANG_ENABLE_OBJC_ARC = YES;
				CLANG_WARN_BOOL_CONVERSION = YES;
				CLANG_WARN_CONSTANT_CONVERSION = YES;
				CLANG_WARN_DIRECT_OBJC_ISA_USAGE = YES_ERROR;
				CLANG_WARN_DOCUMENTATION_COMMENTS = YES;
				CLANG_WARN_EMPTY_BODY = YES;
				CLANG_WARN_ENUM_CONVERSION = YES;
				CLANG_WARN_INFINITE_RECURSION = YES;
				CLANG_WARN_INT_CONVERSION = YES;
				CLANG_WARN_OBJC_ROOT_CLASS = YES_ERROR;
				CLANG_WARN_SUSPICIOUS_MOVE = YES;
				CLANG_WARN_UNREACHABLE_CODE = YES;
				CLANG_WARN__DUPLICATE_METHOD_MATCH = YES;
				"CODE_SIGN_IDENTITY[sdk=iphoneos*]" = "iPhone Developer";
				COPY_PHASE_STRIP = NO;
				DEBUG_INFORMATION_FORMAT = dwarf;
				ENABLE_STRICT_OBJC_MSGSEND = YES;
				ENABLE_TESTABILITY = YES;
				GCC_C_LANGUAGE_STANDARD = gnu99;
				GCC_DYNAMIC_NO_PIC = NO;
				GCC_NO_COMMON_BLOCKS = YES;
				GCC_OPTIMIZATION_LEVEL = 0;
				GCC_PREPROCESSOR_DEFINITIONS = (
					"DEBUG=1",
					"$(inherited)",
				);
				GCC_WARN_64_TO_32_BIT_CONVERSION = YES;
				GCC_WARN_ABOUT_RETURN_TYPE = YES_ERROR;
				GCC_WARN_UNDECLARED_SELECTOR = YES;
				GCC_WARN_UNINITIALIZED_AUTOS = YES_AGGRESSIVE;
				GCC_WARN_UNUSED_FUNCTION = YES;
				GCC_WARN_UNUSED_VARIABLE = YES;
				IPHONEOS_DEPLOYMENT_TARGET = 8.0;
				MTL_ENABLE_DEBUG_INFO = YES;
				ONLY_ACTIVE_ARCH = YES;
				SDKROOT = iphoneos;
			};
			name = Debug;
		};
		D807497F1E319D5800B26289 /* Release */ = {
			isa = XCBuildConfiguration;
			buildSettings = {
				ALWAYS_SEARCH_USER_PATHS = NO;
				CLANG_ANALYZER_NONNULL = YES;
				CLANG_CXX_LANGUAGE_STANDARD = "gnu++0x";
				CLANG_CXX_LIBRARY = "libc++";
				CLANG_ENABLE_MODULES = YES;
				CLANG_ENABLE_OBJC_ARC = YES;
				CLANG_WARN_BOOL_CONVERSION = YES;
				CLANG_WARN_CONSTANT_CONVERSION = YES;
				CLANG_WARN_DIRECT_OBJC_ISA_USAGE = YES_ERROR;
				CLANG_WARN_DOCUMENTATION_COMMENTS = YES;
				CLANG_WARN_EMPTY_BODY = YES;
				CLANG_WARN_ENUM_CONVERSION = YES;
				CLANG_WARN_INFINITE_RECURSION = YES;
				CLANG_WARN_INT_CONVERSION = YES;
				CLANG_WARN_OBJC_ROOT_CLASS = YES_ERROR;
				CLANG_WARN_SUSPICIOUS_MOVE = YES;
				CLANG_WARN_UNREACHABLE_CODE = YES;
				CLANG_WARN__DUPLICATE_METHOD_MATCH = YES;
				"CODE_SIGN_IDENTITY[sdk=iphoneos*]" = "iPhone Developer";
				COPY_PHASE_STRIP = NO;
				DEBUG_INFORMATION_FORMAT = "dwarf-with-dsym";
				ENABLE_NS_ASSERTIONS = NO;
				ENABLE_STRICT_OBJC_MSGSEND = YES;
				GCC_C_LANGUAGE_STANDARD = gnu99;
				GCC_NO_COMMON_BLOCKS = YES;
				GCC_WARN_64_TO_32_BIT_CONVERSION = YES;
				GCC_WARN_ABOUT_RETURN_TYPE = YES_ERROR;
				GCC_WARN_UNDECLARED_SELECTOR = YES;
				GCC_WARN_UNINITIALIZED_AUTOS = YES_AGGRESSIVE;
				GCC_WARN_UNUSED_FUNCTION = YES;
				GCC_WARN_UNUSED_VARIABLE = YES;
				IPHONEOS_DEPLOYMENT_TARGET = 8.0;
				MTL_ENABLE_DEBUG_INFO = NO;
				SDKROOT = iphoneos;
				VALIDATE_PRODUCT = YES;
			};
			name = Release;
		};
		D80749811E319D5800B26289 /* Debug */ = {
			isa = XCBuildConfiguration;
			buildSettings = {
				ASSETCATALOG_COMPILER_APPICON_NAME = AppIcon;
				INFOPLIST_FILE = TianG/Info.plist;
				LD_RUNPATH_SEARCH_PATHS = "$(inherited) @executable_path/Frameworks";
				PRODUCT_BUNDLE_IDENTIFIER = CLSC.TianG;
				PRODUCT_NAME = "$(TARGET_NAME)";
			};
			name = Debug;
		};
		D80749821E319D5800B26289 /* Release */ = {
			isa = XCBuildConfiguration;
			buildSettings = {
				ASSETCATALOG_COMPILER_APPICON_NAME = AppIcon;
				INFOPLIST_FILE = TianG/Info.plist;
				LD_RUNPATH_SEARCH_PATHS = "$(inherited) @executable_path/Frameworks";
				PRODUCT_BUNDLE_IDENTIFIER = CLSC.TianG;
				PRODUCT_NAME = "$(TARGET_NAME)";
			};
			name = Release;
		};
/* End XCBuildConfiguration section */

/* Begin XCConfigurationList section */
		D80749641E319D5800B26289 /* Build configuration list for PBXProject "TianG" */ = {
			isa = XCConfigurationList;
			buildConfigurations = (
				D807497E1E319D5800B26289 /* Debug */,
				D807497F1E319D5800B26289 /* Release */,
			);
			defaultConfigurationIsVisible = 0;
			defaultConfigurationName = Release;
		};
		D80749801E319D5800B26289 /* Build configuration list for PBXNativeTarget "TianG" */ = {
			isa = XCConfigurationList;
			buildConfigurations = (
				D80749811E319D5800B26289 /* Debug */,
				D80749821E319D5800B26289 /* Release */,
			);
			defaultConfigurationIsVisible = 0;
			defaultConfigurationName = Release;
		};
/* End XCConfigurationList section */
	};
	rootObject = D80749611E319D5800B26289 /* Project object */;
}
